
Microsoft Visual Studio Solution File, Format Version 12.00
# Visual Studio 15
Project("{FAE04EC0-301F-11D3-BF4B-00C04F79EFBC}") = "Assembly-CSharp-Editor", "Assembly-CSharp-Editor.csproj", "{51FF2B40-C91C-A456-5038-CFF2618AC70F}"
EndProject
Project("{FAE04EC0-301F-11D3-BF4B-00C04F79EFBC}") = "Assembly-CSharp", "Assembly-CSharp.csproj", "{57850C41-B4BE-9573-E082-384BBFCAFABA}"
EndProject
Global
	GlobalSection(SolutionConfigurationPlatforms) = preSolution
		Debug|Any CPU = Debug|Any CPU
		Release|Any CPU = Release|Any CPU
	EndGlobalSection
	GlobalSection(ProjectConfigurationPlatforms) = postSolution
		{51FF2B40-C91C-A456-5038-CFF2618AC70F}.Debug|Any CPU.ActiveCfg = Debug|Any CPU
		{51FF2B40-C91C-A456-5038-CFF2618AC70F}.Debug|Any CPU.Build.0 = Debug|Any CPU
		{51FF2B40-C91C-A456-5038-CFF2618AC70F}.Release|Any CPU.ActiveCfg = Release|Any CPU
		{51FF2B40-C91C-A456-5038-CFF2618AC70F}.Release|Any CPU.Build.0 = Release|Any CPU
		{57850C41-B4BE-9573-E082-384BBFCAFABA}.Debug|Any CPU.ActiveCfg = Debug|Any CPU
		{57850C41-B4BE-9573-E082-384BBFCAFABA}.Debug|Any CPU.Build.0 = Debug|Any CPU
		{57850C41-B4BE-9573-E082-384BBFCAFABA}.Release|Any CPU.ActiveCfg = Release|Any CPU
		{57850C41-B4BE-9573-E082-384BBFCAFABA}.Release|Any CPU.Build.0 = Release|Any CPU
	EndGlobalSection
	GlobalSection(SolutionProperties) = preSolution
		HideSolutionNode = FALSE
	EndGlobalSection
EndGlobal
